// !$*UTF8*$!
{
	archiveVersion = 1;
	classes = {
	};
	objectVersion = 56;
	objects = {

/* Begin PBXBuildFile section */
		7183EA972C08A34700DBD7C2 /* CustomNavigationView.swift in Sources */ = {isa = PBXBuildFile; fileRef = 7183EA962C08A34700DBD7C2 /* CustomNavigationView.swift */; };
		7183EA9A2C08A38200DBD7C2 /* DrinkDetailsHeaderView.swift in Sources */ = {isa = PBXBuildFile; fileRef = 7183EA992C08A38200DBD7C2 /* DrinkDetailsHeaderView.swift */; };
		7183EA9C2C08A3A700DBD7C2 /* DrinkTagsView.swift in Sources */ = {isa = PBXBuildFile; fileRef = 7183EA9B2C08A3A700DBD7C2 /* DrinkTagsView.swift */; };
		7183EA9E2C08A3D500DBD7C2 /* DrinkIngredientsView.swift in Sources */ = {isa = PBXBuildFile; fileRef = 7183EA9D2C08A3D500DBD7C2 /* DrinkIngredientsView.swift */; };
		7183EAA02C08A3F800DBD7C2 /* DrinkInstructionsView.swift in Sources */ = {isa = PBXBuildFile; fileRef = 7183EA9F2C08A3F800DBD7C2 /* DrinkInstructionsView.swift */; };
		7183EAA22C08A41E00DBD7C2 /* DrinkTimestampView.swift in Sources */ = {isa = PBXBuildFile; fileRef = 7183EAA12C08A41E00DBD7C2 /* DrinkTimestampView.swift */; };
		7183EAA42C08A45100DBD7C2 /* DrinkDividerView.swift in Sources */ = {isa = PBXBuildFile; fileRef = 7183EAA32C08A45100DBD7C2 /* DrinkDividerView.swift */; };
		7183EAA82C08A55200DBD7C2 /* Assets.xcassets in Resources */ = {isa = PBXBuildFile; fileRef = 7183EAA72C08A55200DBD7C2 /* Assets.xcassets */; };
		7183EAAB2C08A5A900DBD7C2 /* RootView.swift in Sources */ = {isa = PBXBuildFile; fileRef = 7183EAAA2C08A5A900DBD7C2 /* RootView.swift */; };
		7183EAAD2C08A7E800DBD7C2 /* DrinkMainButtonView.swift in Sources */ = {isa = PBXBuildFile; fileRef = 7183EAAC2C08A7E800DBD7C2 /* DrinkMainButtonView.swift */; };
		7183EAAF2C08B78E00DBD7C2 /* DrinkDetailsContentType.swift in Sources */ = {isa = PBXBuildFile; fileRef = 7183EAAE2C08B78E00DBD7C2 /* DrinkDetailsContentType.swift */; };
		7183EAB22C08BB9D00DBD7C2 /* TimeFormatterManager.swift in Sources */ = {isa = PBXBuildFile; fileRef = 7183EAB12C08BB9D00DBD7C2 /* TimeFormatterManager.swift */; };
		7183EAB42C08D14A00DBD7C2 /* FilterItems.swift in Sources */ = {isa = PBXBuildFile; fileRef = 7183EAB32C08D14A00DBD7C2 /* FilterItems.swift */; };
		7183EAB72C08D60C00DBD7C2 /* FiltersViewModel.swift in Sources */ = {isa = PBXBuildFile; fileRef = 7183EAB62C08D60C00DBD7C2 /* FiltersViewModel.swift */; };
		7183EAB92C08D89A00DBD7C2 /* FiltersView.swift in Sources */ = {isa = PBXBuildFile; fileRef = 7183EAB82C08D89A00DBD7C2 /* FiltersView.swift */; };
		7183EABB2C08E35100DBD7C2 /* FilterType.swift in Sources */ = {isa = PBXBuildFile; fileRef = 7183EABA2C08E35100DBD7C2 /* FilterType.swift */; };
		7183EABD2C08E3AE00DBD7C2 /* FiltersContentType.swift in Sources */ = {isa = PBXBuildFile; fileRef = 7183EABC2C08E3AE00DBD7C2 /* FiltersContentType.swift */; };
		7183EAC02C08E42C00DBD7C2 /* RadioButtonView.swift in Sources */ = {isa = PBXBuildFile; fileRef = 7183EABF2C08E42C00DBD7C2 /* RadioButtonView.swift */; };
		7183EAC22C08E45C00DBD7C2 /* FilterSectionView.swift in Sources */ = {isa = PBXBuildFile; fileRef = 7183EAC12C08E45C00DBD7C2 /* FilterSectionView.swift */; };
		7183EAC52C08E9CA00DBD7C2 /* TimeFormatterManagerTest.swift in Sources */ = {isa = PBXBuildFile; fileRef = 7183EAC42C08E9CA00DBD7C2 /* TimeFormatterManagerTest.swift */; };
		71A7875C2C078E3E0090E59D /* CocktailsApp.swift in Sources */ = {isa = PBXBuildFile; fileRef = 71A7875B2C078E3E0090E59D /* CocktailsApp.swift */; };
		71A787632C078E3E0090E59D /* Preview Assets.xcassets in Resources */ = {isa = PBXBuildFile; fileRef = 71A787622C078E3E0090E59D /* Preview Assets.xcassets */; };
		71A7876D2C078E3F0090E59D /* CocktailsTests.swift in Sources */ = {isa = PBXBuildFile; fileRef = 71A7876C2C078E3F0090E59D /* CocktailsTests.swift */; };
		71A787772C078E3F0090E59D /* CocktailsUITests.swift in Sources */ = {isa = PBXBuildFile; fileRef = 71A787762C078E3F0090E59D /* CocktailsUITests.swift */; };
		71A787792C078E3F0090E59D /* CocktailsUITestsLaunchTests.swift in Sources */ = {isa = PBXBuildFile; fileRef = 71A787782C078E3F0090E59D /* CocktailsUITestsLaunchTests.swift */; };
		71A787882C078F1A0090E59D /* Alamofire in Frameworks */ = {isa = PBXBuildFile; productRef = 71A787872C078F1A0090E59D /* Alamofire */; };
		71A7878A2C078F4C0090E59D /* RxCocoa in Frameworks */ = {isa = PBXBuildFile; productRef = 71A787892C078F4C0090E59D /* RxCocoa */; };
		71A7878C2C078F4C0090E59D /* RxSwift in Frameworks */ = {isa = PBXBuildFile; productRef = 71A7878B2C078F4C0090E59D /* RxSwift */; };
		71CDFF072C07B0310091FC62 /* Kingfisher in Frameworks */ = {isa = PBXBuildFile; productRef = 71CDFF062C07B0310091FC62 /* Kingfisher */; };
		71CDFF0A2C07BDCC0091FC62 /* HeaderView.swift in Sources */ = {isa = PBXBuildFile; fileRef = 71CDFF092C07BDCC0091FC62 /* HeaderView.swift */; };
		71CDFF0F2C07BE230091FC62 /* DrinkCell.swift in Sources */ = {isa = PBXBuildFile; fileRef = 71CDFF0E2C07BE230091FC62 /* DrinkCell.swift */; };
		71CDFF122C0869320091FC62 /* ImageExtension.swift in Sources */ = {isa = PBXBuildFile; fileRef = 71CDFF112C0869320091FC62 /* ImageExtension.swift */; };
		71CDFF142C08732F0091FC62 /* SearchBarView.swift in Sources */ = {isa = PBXBuildFile; fileRef = 71CDFF132C08732F0091FC62 /* SearchBarView.swift */; };
		71CDFF162C087FE40091FC62 /* DrinkListContentType.swift in Sources */ = {isa = PBXBuildFile; fileRef = 71CDFF152C087FE40091FC62 /* DrinkListContentType.swift */; };
		71CDFF182C0886940091FC62 /* DynamicCodingKey.swift in Sources */ = {isa = PBXBuildFile; fileRef = 71CDFF172C0886940091FC62 /* DynamicCodingKey.swift */; };
		71CDFF1B2C0887B20091FC62 /* EmptyDrinkView.swift in Sources */ = {isa = PBXBuildFile; fileRef = 71CDFF1A2C0887B20091FC62 /* EmptyDrinkView.swift */; };
		71CDFF1E2C0888800091FC62 /* DrinkDetailsViewModel.swift in Sources */ = {isa = PBXBuildFile; fileRef = 71CDFF1D2C0888800091FC62 /* DrinkDetailsViewModel.swift */; };
		71CDFF202C08888B0091FC62 /* DrinkDetailsView.swift in Sources */ = {isa = PBXBuildFile; fileRef = 71CDFF1F2C08888B0091FC62 /* DrinkDetailsView.swift */; };
		71EFC4A72C079125008531C8 /* CocktailsSessionManager.swift in Sources */ = {isa = PBXBuildFile; fileRef = 71EFC4A62C079125008531C8 /* CocktailsSessionManager.swift */; };
		71EFC4AA2C079160008531C8 /* ReactiveDataRequest.swift in Sources */ = {isa = PBXBuildFile; fileRef = 71EFC4A92C079160008531C8 /* ReactiveDataRequest.swift */; };
		71EFC4AD2C0791AE008531C8 /* Service.swift in Sources */ = {isa = PBXBuildFile; fileRef = 71EFC4AC2C0791AE008531C8 /* Service.swift */; };
		71EFC4B02C0791DE008531C8 /* Router.swift in Sources */ = {isa = PBXBuildFile; fileRef = 71EFC4AF2C0791DE008531C8 /* Router.swift */; };
		71EFC4B22C07922C008531C8 /* EncodableParams.swift in Sources */ = {isa = PBXBuildFile; fileRef = 71EFC4B12C07922C008531C8 /* EncodableParams.swift */; };
		71EFC4B42C07924D008531C8 /* CocktailsRouter.swift in Sources */ = {isa = PBXBuildFile; fileRef = 71EFC4B32C07924D008531C8 /* CocktailsRouter.swift */; };
		71EFC4B72C079376008531C8 /* Constants.swift in Sources */ = {isa = PBXBuildFile; fileRef = 71EFC4B62C079376008531C8 /* Constants.swift */; };
		71EFC4B92C079612008531C8 /* Drink.swift in Sources */ = {isa = PBXBuildFile; fileRef = 71EFC4B82C079612008531C8 /* Drink.swift */; };
		71EFC4BC2C0796E3008531C8 /* DrinkListViewModel.swift in Sources */ = {isa = PBXBuildFile; fileRef = 71EFC4BB2C0796E3008531C8 /* DrinkListViewModel.swift */; };
		71EFC4BE2C0796ED008531C8 /* DrinkListView.swift in Sources */ = {isa = PBXBuildFile; fileRef = 71EFC4BD2C0796ED008531C8 /* DrinkListView.swift */; };
		71EFC4C02C07977E008531C8 /* CocktailsService.swift in Sources */ = {isa = PBXBuildFile; fileRef = 71EFC4BF2C07977E008531C8 /* CocktailsService.swift */; };
/* End PBXBuildFile section */

/* Begin PBXContainerItemProxy section */
		71A787692C078E3F0090E59D /* PBXContainerItemProxy */ = {
			isa = PBXContainerItemProxy;
			containerPortal = 71A787502C078E3E0090E59D /* Project object */;
			proxyType = 1;
			remoteGlobalIDString = 71A787572C078E3E0090E59D;
			remoteInfo = Cocktails;
		};
		71A787732C078E3F0090E59D /* PBXContainerItemProxy */ = {
			isa = PBXContainerItemProxy;
			containerPortal = 71A787502C078E3E0090E59D /* Project object */;
			proxyType = 1;
			remoteGlobalIDString = 71A787572C078E3E0090E59D;
			remoteInfo = Cocktails;
		};
/* End PBXContainerItemProxy section */

/* Begin PBXFileReference section */
		7183EA962C08A34700DBD7C2 /* CustomNavigationView.swift */ = {isa = PBXFileReference; lastKnownFileType = sourcecode.swift; path = CustomNavigationView.swift; sourceTree = "<group>"; };
		7183EA992C08A38200DBD7C2 /* DrinkDetailsHeaderView.swift */ = {isa = PBXFileReference; lastKnownFileType = sourcecode.swift; path = DrinkDetailsHeaderView.swift; sourceTree = "<group>"; };
		7183EA9B2C08A3A700DBD7C2 /* DrinkTagsView.swift */ = {isa = PBXFileReference; lastKnownFileType = sourcecode.swift; path = DrinkTagsView.swift; sourceTree = "<group>"; };
		7183EA9D2C08A3D500DBD7C2 /* DrinkIngredientsView.swift */ = {isa = PBXFileReference; lastKnownFileType = sourcecode.swift; path = DrinkIngredientsView.swift; sourceTree = "<group>"; };
		7183EA9F2C08A3F800DBD7C2 /* DrinkInstructionsView.swift */ = {isa = PBXFileReference; lastKnownFileType = sourcecode.swift; path = DrinkInstructionsView.swift; sourceTree = "<group>"; };
		7183EAA12C08A41E00DBD7C2 /* DrinkTimestampView.swift */ = {isa = PBXFileReference; lastKnownFileType = sourcecode.swift; path = DrinkTimestampView.swift; sourceTree = "<group>"; };
		7183EAA32C08A45100DBD7C2 /* DrinkDividerView.swift */ = {isa = PBXFileReference; lastKnownFileType = sourcecode.swift; path = DrinkDividerView.swift; sourceTree = "<group>"; };
		7183EAA72C08A55200DBD7C2 /* Assets.xcassets */ = {isa = PBXFileReference; lastKnownFileType = folder.assetcatalog; path = Assets.xcassets; sourceTree = "<group>"; };
		7183EAAA2C08A5A900DBD7C2 /* RootView.swift */ = {isa = PBXFileReference; lastKnownFileType = sourcecode.swift; path = RootView.swift; sourceTree = "<group>"; };
		7183EAAC2C08A7E800DBD7C2 /* DrinkMainButtonView.swift */ = {isa = PBXFileReference; lastKnownFileType = sourcecode.swift; path = DrinkMainButtonView.swift; sourceTree = "<group>"; };
		7183EAAE2C08B78E00DBD7C2 /* DrinkDetailsContentType.swift */ = {isa = PBXFileReference; lastKnownFileType = sourcecode.swift; path = DrinkDetailsContentType.swift; sourceTree = "<group>"; };
		7183EAB12C08BB9D00DBD7C2 /* TimeFormatterManager.swift */ = {isa = PBXFileReference; lastKnownFileType = sourcecode.swift; path = TimeFormatterManager.swift; sourceTree = "<group>"; };
		7183EAB32C08D14A00DBD7C2 /* FilterItems.swift */ = {isa = PBXFileReference; lastKnownFileType = sourcecode.swift; path = FilterItems.swift; sourceTree = "<group>"; };
		7183EAB62C08D60C00DBD7C2 /* FiltersViewModel.swift */ = {isa = PBXFileReference; lastKnownFileType = sourcecode.swift; path = FiltersViewModel.swift; sourceTree = "<group>"; };
		7183EAB82C08D89A00DBD7C2 /* FiltersView.swift */ = {isa = PBXFileReference; lastKnownFileType = sourcecode.swift; path = FiltersView.swift; sourceTree = "<group>"; };
		7183EABA2C08E35100DBD7C2 /* FilterType.swift */ = {isa = PBXFileReference; lastKnownFileType = sourcecode.swift; path = FilterType.swift; sourceTree = "<group>"; };
		7183EABC2C08E3AE00DBD7C2 /* FiltersContentType.swift */ = {isa = PBXFileReference; lastKnownFileType = sourcecode.swift; path = FiltersContentType.swift; sourceTree = "<group>"; };
		7183EABF2C08E42C00DBD7C2 /* RadioButtonView.swift */ = {isa = PBXFileReference; lastKnownFileType = sourcecode.swift; path = RadioButtonView.swift; sourceTree = "<group>"; };
		7183EAC12C08E45C00DBD7C2 /* FilterSectionView.swift */ = {isa = PBXFileReference; lastKnownFileType = sourcecode.swift; path = FilterSectionView.swift; sourceTree = "<group>"; };
		7183EAC42C08E9CA00DBD7C2 /* TimeFormatterManagerTest.swift */ = {isa = PBXFileReference; lastKnownFileType = sourcecode.swift; path = TimeFormatterManagerTest.swift; sourceTree = "<group>"; };
		71A787582C078E3E0090E59D /* Cocktails.app */ = {isa = PBXFileReference; explicitFileType = wrapper.application; includeInIndex = 0; path = Cocktails.app; sourceTree = BUILT_PRODUCTS_DIR; };
		71A7875B2C078E3E0090E59D /* CocktailsApp.swift */ = {isa = PBXFileReference; lastKnownFileType = sourcecode.swift; path = CocktailsApp.swift; sourceTree = "<group>"; };
		71A787622C078E3E0090E59D /* Preview Assets.xcassets */ = {isa = PBXFileReference; lastKnownFileType = folder.assetcatalog; path = "Preview Assets.xcassets"; sourceTree = "<group>"; };
		71A787682C078E3F0090E59D /* CocktailsTests.xctest */ = {isa = PBXFileReference; explicitFileType = wrapper.cfbundle; includeInIndex = 0; path = CocktailsTests.xctest; sourceTree = BUILT_PRODUCTS_DIR; };
		71A7876C2C078E3F0090E59D /* CocktailsTests.swift */ = {isa = PBXFileReference; lastKnownFileType = sourcecode.swift; path = CocktailsTests.swift; sourceTree = "<group>"; };
		71A787722C078E3F0090E59D /* CocktailsUITests.xctest */ = {isa = PBXFileReference; explicitFileType = wrapper.cfbundle; includeInIndex = 0; path = CocktailsUITests.xctest; sourceTree = BUILT_PRODUCTS_DIR; };
		71A787762C078E3F0090E59D /* CocktailsUITests.swift */ = {isa = PBXFileReference; lastKnownFileType = sourcecode.swift; path = CocktailsUITests.swift; sourceTree = "<group>"; };
		71A787782C078E3F0090E59D /* CocktailsUITestsLaunchTests.swift */ = {isa = PBXFileReference; lastKnownFileType = sourcecode.swift; path = CocktailsUITestsLaunchTests.swift; sourceTree = "<group>"; };
		71CDFF092C07BDCC0091FC62 /* HeaderView.swift */ = {isa = PBXFileReference; lastKnownFileType = sourcecode.swift; path = HeaderView.swift; sourceTree = "<group>"; };
		71CDFF0E2C07BE230091FC62 /* DrinkCell.swift */ = {isa = PBXFileReference; lastKnownFileType = sourcecode.swift; path = DrinkCell.swift; sourceTree = "<group>"; };
		71CDFF112C0869320091FC62 /* ImageExtension.swift */ = {isa = PBXFileReference; lastKnownFileType = sourcecode.swift; path = ImageExtension.swift; sourceTree = "<group>"; };
		71CDFF132C08732F0091FC62 /* SearchBarView.swift */ = {isa = PBXFileReference; lastKnownFileType = sourcecode.swift; path = SearchBarView.swift; sourceTree = "<group>"; };
		71CDFF152C087FE40091FC62 /* DrinkListContentType.swift */ = {isa = PBXFileReference; lastKnownFileType = sourcecode.swift; path = DrinkListContentType.swift; sourceTree = "<group>"; };
		71CDFF172C0886940091FC62 /* DynamicCodingKey.swift */ = {isa = PBXFileReference; lastKnownFileType = sourcecode.swift; path = DynamicCodingKey.swift; sourceTree = "<group>"; };
		71CDFF1A2C0887B20091FC62 /* EmptyDrinkView.swift */ = {isa = PBXFileReference; lastKnownFileType = sourcecode.swift; path = EmptyDrinkView.swift; sourceTree = "<group>"; };
		71CDFF1D2C0888800091FC62 /* DrinkDetailsViewModel.swift */ = {isa = PBXFileReference; lastKnownFileType = sourcecode.swift; path = DrinkDetailsViewModel.swift; sourceTree = "<group>"; };
		71CDFF1F2C08888B0091FC62 /* DrinkDetailsView.swift */ = {isa = PBXFileReference; lastKnownFileType = sourcecode.swift; path = DrinkDetailsView.swift; sourceTree = "<group>"; };
		71EFC4A62C079125008531C8 /* CocktailsSessionManager.swift */ = {isa = PBXFileReference; lastKnownFileType = sourcecode.swift; path = CocktailsSessionManager.swift; sourceTree = "<group>"; };
		71EFC4A92C079160008531C8 /* ReactiveDataRequest.swift */ = {isa = PBXFileReference; lastKnownFileType = sourcecode.swift; path = ReactiveDataRequest.swift; sourceTree = "<group>"; };
		71EFC4AC2C0791AE008531C8 /* Service.swift */ = {isa = PBXFileReference; lastKnownFileType = sourcecode.swift; path = Service.swift; sourceTree = "<group>"; };
		71EFC4AF2C0791DE008531C8 /* Router.swift */ = {isa = PBXFileReference; lastKnownFileType = sourcecode.swift; path = Router.swift; sourceTree = "<group>"; };
		71EFC4B12C07922C008531C8 /* EncodableParams.swift */ = {isa = PBXFileReference; lastKnownFileType = sourcecode.swift; path = EncodableParams.swift; sourceTree = "<group>"; };
		71EFC4B32C07924D008531C8 /* CocktailsRouter.swift */ = {isa = PBXFileReference; lastKnownFileType = sourcecode.swift; path = CocktailsRouter.swift; sourceTree = "<group>"; };
		71EFC4B62C079376008531C8 /* Constants.swift */ = {isa = PBXFileReference; lastKnownFileType = sourcecode.swift; path = Constants.swift; sourceTree = "<group>"; };
		71EFC4B82C079612008531C8 /* Drink.swift */ = {isa = PBXFileReference; lastKnownFileType = sourcecode.swift; path = Drink.swift; sourceTree = "<group>"; };
		71EFC4BB2C0796E3008531C8 /* DrinkListViewModel.swift */ = {isa = PBXFileReference; lastKnownFileType = sourcecode.swift; path = DrinkListViewModel.swift; sourceTree = "<group>"; };
		71EFC4BD2C0796ED008531C8 /* DrinkListView.swift */ = {isa = PBXFileReference; lastKnownFileType = sourcecode.swift; path = DrinkListView.swift; sourceTree = "<group>"; };
		71EFC4BF2C07977E008531C8 /* CocktailsService.swift */ = {isa = PBXFileReference; lastKnownFileType = sourcecode.swift; path = CocktailsService.swift; sourceTree = "<group>"; };
/* End PBXFileReference section */

/* Begin PBXFrameworksBuildPhase section */
		71A787552C078E3E0090E59D /* Frameworks */ = {
			isa = PBXFrameworksBuildPhase;
			buildActionMask = 2147483647;
			files = (
				71CDFF072C07B0310091FC62 /* Kingfisher in Frameworks */,
				71A7878C2C078F4C0090E59D /* RxSwift in Frameworks */,
				71A7878A2C078F4C0090E59D /* RxCocoa in Frameworks */,
				71A787882C078F1A0090E59D /* Alamofire in Frameworks */,
			);
			runOnlyForDeploymentPostprocessing = 0;
		};
		71A787652C078E3F0090E59D /* Frameworks */ = {
			isa = PBXFrameworksBuildPhase;
			buildActionMask = 2147483647;
			files = (
			);
			runOnlyForDeploymentPostprocessing = 0;
		};
		71A7876F2C078E3F0090E59D /* Frameworks */ = {
			isa = PBXFrameworksBuildPhase;
			buildActionMask = 2147483647;
			files = (
			);
			runOnlyForDeploymentPostprocessing = 0;
		};
/* End PBXFrameworksBuildPhase section */

/* Begin PBXGroup section */
		7183EA982C08A36F00DBD7C2 /* Views */ = {
			isa = PBXGroup;
			children = (
				7183EA992C08A38200DBD7C2 /* DrinkDetailsHeaderView.swift */,
				7183EA9B2C08A3A700DBD7C2 /* DrinkTagsView.swift */,
				7183EA9D2C08A3D500DBD7C2 /* DrinkIngredientsView.swift */,
				7183EA9F2C08A3F800DBD7C2 /* DrinkInstructionsView.swift */,
				7183EAA12C08A41E00DBD7C2 /* DrinkTimestampView.swift */,
			);
			path = Views;
			sourceTree = "<group>";
		};
		7183EAA92C08A59E00DBD7C2 /* Root */ = {
			isa = PBXGroup;
			children = (
				7183EAAA2C08A5A900DBD7C2 /* RootView.swift */,
			);
			path = Root;
			sourceTree = "<group>";
		};
		7183EAB02C08BB8F00DBD7C2 /* Managers */ = {
			isa = PBXGroup;
			children = (
				7183EAB12C08BB9D00DBD7C2 /* TimeFormatterManager.swift */,
			);
			path = Managers;
			sourceTree = "<group>";
		};
		7183EAB52C08D5FE00DBD7C2 /* Filters */ = {
			isa = PBXGroup;
			children = (
				7183EABE2C08E41F00DBD7C2 /* Views */,
				7183EAB82C08D89A00DBD7C2 /* FiltersView.swift */,
				7183EAB62C08D60C00DBD7C2 /* FiltersViewModel.swift */,
				7183EABC2C08E3AE00DBD7C2 /* FiltersContentType.swift */,
			);
			path = Filters;
			sourceTree = "<group>";
		};
		7183EABE2C08E41F00DBD7C2 /* Views */ = {
			isa = PBXGroup;
			children = (
				7183EABF2C08E42C00DBD7C2 /* RadioButtonView.swift */,
				7183EAC12C08E45C00DBD7C2 /* FilterSectionView.swift */,
			);
			path = Views;
			sourceTree = "<group>";
		};
		7183EAC32C08E9B400DBD7C2 /* Common */ = {
			isa = PBXGroup;
			children = (
				7183EAC42C08E9CA00DBD7C2 /* TimeFormatterManagerTest.swift */,
			);
			path = Common;
			sourceTree = "<group>";
		};
		71A7874F2C078E3E0090E59D = {
			isa = PBXGroup;
			children = (
				71A7875A2C078E3E0090E59D /* Cocktails */,
				71A7876B2C078E3F0090E59D /* CocktailsTests */,
				71A787752C078E3F0090E59D /* CocktailsUITests */,
				71A787592C078E3E0090E59D /* Products */,
			);
			sourceTree = "<group>";
		};
		71A787592C078E3E0090E59D /* Products */ = {
			isa = PBXGroup;
			children = (
				71A787582C078E3E0090E59D /* Cocktails.app */,
				71A787682C078E3F0090E59D /* CocktailsTests.xctest */,
				71A787722C078E3F0090E59D /* CocktailsUITests.xctest */,
			);
			name = Products;
			sourceTree = "<group>";
		};
		71A7875A2C078E3E0090E59D /* Cocktails */ = {
			isa = PBXGroup;
			children = (
				71EFC4A02C079073008531C8 /* Supporting */,
				71EFC4A32C0790CC008531C8 /* Application */,
				71EFC4A12C079083008531C8 /* Common */,
				71EFC4A22C0790BF008531C8 /* Modules */,
				71A787612C078E3E0090E59D /* Preview Content */,
			);
			path = Cocktails;
			sourceTree = "<group>";
		};
		71A787612C078E3E0090E59D /* Preview Content */ = {
			isa = PBXGroup;
			children = (
				71A787622C078E3E0090E59D /* Preview Assets.xcassets */,
			);
			path = "Preview Content";
			sourceTree = "<group>";
		};
		71A7876B2C078E3F0090E59D /* CocktailsTests */ = {
			isa = PBXGroup;
			children = (
				7183EAC32C08E9B400DBD7C2 /* Common */,
				71A7876C2C078E3F0090E59D /* CocktailsTests.swift */,
			);
			path = CocktailsTests;
			sourceTree = "<group>";
		};
		71A787752C078E3F0090E59D /* CocktailsUITests */ = {
			isa = PBXGroup;
			children = (
				71A787762C078E3F0090E59D /* CocktailsUITests.swift */,
				71A787782C078E3F0090E59D /* CocktailsUITestsLaunchTests.swift */,
			);
			path = CocktailsUITests;
			sourceTree = "<group>";
		};
		71CDFF082C07BDBC0091FC62 /* Views */ = {
			isa = PBXGroup;
			children = (
				71CDFF092C07BDCC0091FC62 /* HeaderView.swift */,
				71CDFF0E2C07BE230091FC62 /* DrinkCell.swift */,
				71CDFF132C08732F0091FC62 /* SearchBarView.swift */,
			);
			path = Views;
			sourceTree = "<group>";
		};
		71CDFF102C0869220091FC62 /* Extension */ = {
			isa = PBXGroup;
			children = (
				71CDFF112C0869320091FC62 /* ImageExtension.swift */,
			);
			path = Extension;
			sourceTree = "<group>";
		};
		71CDFF192C0887A40091FC62 /* Views */ = {
			isa = PBXGroup;
			children = (
				71CDFF1A2C0887B20091FC62 /* EmptyDrinkView.swift */,
				7183EA962C08A34700DBD7C2 /* CustomNavigationView.swift */,
				7183EAA32C08A45100DBD7C2 /* DrinkDividerView.swift */,
				7183EAAC2C08A7E800DBD7C2 /* DrinkMainButtonView.swift */,
			);
			path = Views;
			sourceTree = "<group>";
		};
		71CDFF1C2C08886E0091FC62 /* DrinkDetails */ = {
			isa = PBXGroup;
			children = (
				7183EA982C08A36F00DBD7C2 /* Views */,
				71CDFF1F2C08888B0091FC62 /* DrinkDetailsView.swift */,
				71CDFF1D2C0888800091FC62 /* DrinkDetailsViewModel.swift */,
				7183EAAE2C08B78E00DBD7C2 /* DrinkDetailsContentType.swift */,
			);
			path = DrinkDetails;
			sourceTree = "<group>";
		};
		71EFC4A02C079073008531C8 /* Supporting */ = {
			isa = PBXGroup;
			children = (
				7183EAA72C08A55200DBD7C2 /* Assets.xcassets */,
			);
			path = Supporting;
			sourceTree = "<group>";
		};
		71EFC4A12C079083008531C8 /* Common */ = {
			isa = PBXGroup;
			children = (
				7183EAB02C08BB8F00DBD7C2 /* Managers */,
				71CDFF192C0887A40091FC62 /* Views */,
				71CDFF102C0869220091FC62 /* Extension */,
				71EFC4A42C0790E4008531C8 /* Networking */,
			);
			path = Common;
			sourceTree = "<group>";
		};
		71EFC4A22C0790BF008531C8 /* Modules */ = {
			isa = PBXGroup;
			children = (
				7183EAA92C08A59E00DBD7C2 /* Root */,
				7183EAB52C08D5FE00DBD7C2 /* Filters */,
				71CDFF1C2C08886E0091FC62 /* DrinkDetails */,
				71EFC4BA2C0796D2008531C8 /* DrinkList */,
			);
			path = Modules;
			sourceTree = "<group>";
		};
		71EFC4A32C0790CC008531C8 /* Application */ = {
			isa = PBXGroup;
			children = (
				71A7875B2C078E3E0090E59D /* CocktailsApp.swift */,
				71EFC4B62C079376008531C8 /* Constants.swift */,
			);
			path = Application;
			sourceTree = "<group>";
		};
		71EFC4A42C0790E4008531C8 /* Networking */ = {
			isa = PBXGroup;
			children = (
				71EFC4A52C07910F008531C8 /* SessionManager */,
				71EFC4A82C07914F008531C8 /* Support */,
				71EFC4AB2C07919F008531C8 /* Service */,
				71EFC4AE2C0791D3008531C8 /* Router */,
				71EFC4B52C079298008531C8 /* Models */,
			);
			path = Networking;
			sourceTree = "<group>";
		};
		71EFC4A52C07910F008531C8 /* SessionManager */ = {
			isa = PBXGroup;
			children = (
				71EFC4A62C079125008531C8 /* CocktailsSessionManager.swift */,
			);
			path = SessionManager;
			sourceTree = "<group>";
		};
		71EFC4A82C07914F008531C8 /* Support */ = {
			isa = PBXGroup;
			children = (
				71EFC4A92C079160008531C8 /* ReactiveDataRequest.swift */,
				71CDFF172C0886940091FC62 /* DynamicCodingKey.swift */,
			);
			path = Support;
			sourceTree = "<group>";
		};
		71EFC4AB2C07919F008531C8 /* Service */ = {
			isa = PBXGroup;
			children = (
				71EFC4AC2C0791AE008531C8 /* Service.swift */,
				71EFC4BF2C07977E008531C8 /* CocktailsService.swift */,
			);
			path = Service;
			sourceTree = "<group>";
		};
		71EFC4AE2C0791D3008531C8 /* Router */ = {
			isa = PBXGroup;
			children = (
				71EFC4AF2C0791DE008531C8 /* Router.swift */,
				71EFC4B12C07922C008531C8 /* EncodableParams.swift */,
				71EFC4B32C07924D008531C8 /* CocktailsRouter.swift */,
			);
			path = Router;
			sourceTree = "<group>";
		};
		71EFC4B52C079298008531C8 /* Models */ = {
			isa = PBXGroup;
			children = (
				71EFC4B82C079612008531C8 /* Drink.swift */,
				7183EAB32C08D14A00DBD7C2 /* FilterItems.swift */,
				7183EABA2C08E35100DBD7C2 /* FilterType.swift */,
			);
			path = Models;
			sourceTree = "<group>";
		};
		71EFC4BA2C0796D2008531C8 /* DrinkList */ = {
			isa = PBXGroup;
			children = (
				71CDFF082C07BDBC0091FC62 /* Views */,
				71EFC4BD2C0796ED008531C8 /* DrinkListView.swift */,
				71EFC4BB2C0796E3008531C8 /* DrinkListViewModel.swift */,
				71CDFF152C087FE40091FC62 /* DrinkListContentType.swift */,
			);
			path = DrinkList;
			sourceTree = "<group>";
		};
/* End PBXGroup section */

/* Begin PBXNativeTarget section */
		71A787572C078E3E0090E59D /* Cocktails */ = {
			isa = PBXNativeTarget;
			buildConfigurationList = 71A7877C2C078E3F0090E59D /* Build configuration list for PBXNativeTarget "Cocktails" */;
			buildPhases = (
				71A787542C078E3E0090E59D /* Sources */,
				71A787552C078E3E0090E59D /* Frameworks */,
				71A787562C078E3E0090E59D /* Resources */,
			);
			buildRules = (
			);
			dependencies = (
			);
			name = Cocktails;
			packageProductDependencies = (
				71A787872C078F1A0090E59D /* Alamofire */,
				71A787892C078F4C0090E59D /* RxCocoa */,
				71A7878B2C078F4C0090E59D /* RxSwift */,
				71CDFF062C07B0310091FC62 /* Kingfisher */,
			);
			productName = Cocktails;
			productReference = 71A787582C078E3E0090E59D /* Cocktails.app */;
			productType = "com.apple.product-type.application";
		};
		71A787672C078E3F0090E59D /* CocktailsTests */ = {
			isa = PBXNativeTarget;
			buildConfigurationList = 71A7877F2C078E3F0090E59D /* Build configuration list for PBXNativeTarget "CocktailsTests" */;
			buildPhases = (
				71A787642C078E3F0090E59D /* Sources */,
				71A787652C078E3F0090E59D /* Frameworks */,
				71A787662C078E3F0090E59D /* Resources */,
			);
			buildRules = (
			);
			dependencies = (
				71A7876A2C078E3F0090E59D /* PBXTargetDependency */,
			);
			name = CocktailsTests;
			productName = CocktailsTests;
			productReference = 71A787682C078E3F0090E59D /* CocktailsTests.xctest */;
			productType = "com.apple.product-type.bundle.unit-test";
		};
		71A787712C078E3F0090E59D /* CocktailsUITests */ = {
			isa = PBXNativeTarget;
			buildConfigurationList = 71A787822C078E3F0090E59D /* Build configuration list for PBXNativeTarget "CocktailsUITests" */;
			buildPhases = (
				71A7876E2C078E3F0090E59D /* Sources */,
				71A7876F2C078E3F0090E59D /* Frameworks */,
				71A787702C078E3F0090E59D /* Resources */,
			);
			buildRules = (
			);
			dependencies = (
				71A787742C078E3F0090E59D /* PBXTargetDependency */,
			);
			name = CocktailsUITests;
			productName = CocktailsUITests;
			productReference = 71A787722C078E3F0090E59D /* CocktailsUITests.xctest */;
			productType = "com.apple.product-type.bundle.ui-testing";
		};
/* End PBXNativeTarget section */

/* Begin PBXProject section */
		71A787502C078E3E0090E59D /* Project object */ = {
			isa = PBXProject;
			attributes = {
				BuildIndependentTargetsInParallel = 1;
				LastSwiftUpdateCheck = 1530;
				LastUpgradeCheck = 1530;
				TargetAttributes = {
					71A787572C078E3E0090E59D = {
						CreatedOnToolsVersion = 15.3;
					};
					71A787672C078E3F0090E59D = {
						CreatedOnToolsVersion = 15.3;
						TestTargetID = 71A787572C078E3E0090E59D;
					};
					71A787712C078E3F0090E59D = {
						CreatedOnToolsVersion = 15.3;
						TestTargetID = 71A787572C078E3E0090E59D;
					};
				};
			};
			buildConfigurationList = 71A787532C078E3E0090E59D /* Build configuration list for PBXProject "Cocktails" */;
			compatibilityVersion = "Xcode 14.0";
			developmentRegion = en;
			hasScannedForEncodings = 0;
			knownRegions = (
				en,
				Base,
			);
			mainGroup = 71A7874F2C078E3E0090E59D;
			packageReferences = (
				71A787852C078EBE0090E59D /* XCRemoteSwiftPackageReference "Alamofire" */,
				71A787862C078EDD0090E59D /* XCRemoteSwiftPackageReference "RxSwift" */,
				718146052C07AFE100BBE885 /* XCRemoteSwiftPackageReference "Kingfisher" */,
			);
			productRefGroup = 71A787592C078E3E0090E59D /* Products */;
			projectDirPath = "";
			projectRoot = "";
			targets = (
				71A787572C078E3E0090E59D /* Cocktails */,
				71A787672C078E3F0090E59D /* CocktailsTests */,
				71A787712C078E3F0090E59D /* CocktailsUITests */,
			);
		};
/* End PBXProject section */

/* Begin PBXResourcesBuildPhase section */
		71A787562C078E3E0090E59D /* Resources */ = {
			isa = PBXResourcesBuildPhase;
			buildActionMask = 2147483647;
			files = (
				7183EAA82C08A55200DBD7C2 /* Assets.xcassets in Resources */,
				71A787632C078E3E0090E59D /* Preview Assets.xcassets in Resources */,
			);
			runOnlyForDeploymentPostprocessing = 0;
		};
		71A787662C078E3F0090E59D /* Resources */ = {
			isa = PBXResourcesBuildPhase;
			buildActionMask = 2147483647;
			files = (
			);
			runOnlyForDeploymentPostprocessing = 0;
		};
		71A787702C078E3F0090E59D /* Resources */ = {
			isa = PBXResourcesBuildPhase;
			buildActionMask = 2147483647;
			files = (
			);
			runOnlyForDeploymentPostprocessing = 0;
		};
/* End PBXResourcesBuildPhase section */

/* Begin PBXSourcesBuildPhase section */
		71A787542C078E3E0090E59D /* Sources */ = {
			isa = PBXSourcesBuildPhase;
			buildActionMask = 2147483647;
			files = (
				7183EA9C2C08A3A700DBD7C2 /* DrinkTagsView.swift in Sources */,
				71EFC4BE2C0796ED008531C8 /* DrinkListView.swift in Sources */,
				71CDFF0F2C07BE230091FC62 /* DrinkCell.swift in Sources */,
				71EFC4BC2C0796E3008531C8 /* DrinkListViewModel.swift in Sources */,
				7183EAAD2C08A7E800DBD7C2 /* DrinkMainButtonView.swift in Sources */,
				7183EAA02C08A3F800DBD7C2 /* DrinkInstructionsView.swift in Sources */,
				7183EAC02C08E42C00DBD7C2 /* RadioButtonView.swift in Sources */,
				71EFC4B22C07922C008531C8 /* EncodableParams.swift in Sources */,
				7183EAAB2C08A5A900DBD7C2 /* RootView.swift in Sources */,
				71CDFF1E2C0888800091FC62 /* DrinkDetailsViewModel.swift in Sources */,
				71A7875C2C078E3E0090E59D /* CocktailsApp.swift in Sources */,
				71CDFF202C08888B0091FC62 /* DrinkDetailsView.swift in Sources */,
				71EFC4AD2C0791AE008531C8 /* Service.swift in Sources */,
				71CDFF162C087FE40091FC62 /* DrinkListContentType.swift in Sources */,
				71EFC4AA2C079160008531C8 /* ReactiveDataRequest.swift in Sources */,
				71EFC4B02C0791DE008531C8 /* Router.swift in Sources */,
				71EFC4B42C07924D008531C8 /* CocktailsRouter.swift in Sources */,
				71EFC4A72C079125008531C8 /* CocktailsSessionManager.swift in Sources */,
				71EFC4B92C079612008531C8 /* Drink.swift in Sources */,
				7183EAB72C08D60C00DBD7C2 /* FiltersViewModel.swift in Sources */,
				71EFC4B72C079376008531C8 /* Constants.swift in Sources */,
				7183EAC22C08E45C00DBD7C2 /* FilterSectionView.swift in Sources */,
				7183EAB22C08BB9D00DBD7C2 /* TimeFormatterManager.swift in Sources */,
				71CDFF182C0886940091FC62 /* DynamicCodingKey.swift in Sources */,
				71EFC4C02C07977E008531C8 /* CocktailsService.swift in Sources */,
				7183EA9E2C08A3D500DBD7C2 /* DrinkIngredientsView.swift in Sources */,
				7183EAB92C08D89A00DBD7C2 /* FiltersView.swift in Sources */,
				71CDFF0A2C07BDCC0091FC62 /* HeaderView.swift in Sources */,
				71CDFF142C08732F0091FC62 /* SearchBarView.swift in Sources */,
				7183EA972C08A34700DBD7C2 /* CustomNavigationView.swift in Sources */,
				7183EAA22C08A41E00DBD7C2 /* DrinkTimestampView.swift in Sources */,
				7183EA9A2C08A38200DBD7C2 /* DrinkDetailsHeaderView.swift in Sources */,
				7183EABD2C08E3AE00DBD7C2 /* FiltersContentType.swift in Sources */,
				71CDFF1B2C0887B20091FC62 /* EmptyDrinkView.swift in Sources */,
				71CDFF122C0869320091FC62 /* ImageExtension.swift in Sources */,
				7183EAA42C08A45100DBD7C2 /* DrinkDividerView.swift in Sources */,
				7183EAB42C08D14A00DBD7C2 /* FilterItems.swift in Sources */,
				7183EAAF2C08B78E00DBD7C2 /* DrinkDetailsContentType.swift in Sources */,
				7183EABB2C08E35100DBD7C2 /* FilterType.swift in Sources */,
			);
			runOnlyForDeploymentPostprocessing = 0;
		};
		71A787642C078E3F0090E59D /* Sources */ = {
			isa = PBXSourcesBuildPhase;
			buildActionMask = 2147483647;
			files = (
				71A7876D2C078E3F0090E59D /* CocktailsTests.swift in Sources */,
				7183EAC52C08E9CA00DBD7C2 /* TimeFormatterManagerTest.swift in Sources */,
			);
			runOnlyForDeploymentPostprocessing = 0;
		};
		71A7876E2C078E3F0090E59D /* Sources */ = {
			isa = PBXSourcesBuildPhase;
			buildActionMask = 2147483647;
			files = (
				71A787792C078E3F0090E59D /* CocktailsUITestsLaunchTests.swift in Sources */,
				71A787772C078E3F0090E59D /* CocktailsUITests.swift in Sources */,
			);
			runOnlyForDeploymentPostprocessing = 0;
		};
/* End PBXSourcesBuildPhase section */

/* Begin PBXTargetDependency section */
		71A7876A2C078E3F0090E59D /* PBXTargetDependency */ = {
			isa = PBXTargetDependency;
			target = 71A787572C078E3E0090E59D /* Cocktails */;
			targetProxy = 71A787692C078E3F0090E59D /* PBXContainerItemProxy */;
		};
		71A787742C078E3F0090E59D /* PBXTargetDependency */ = {
			isa = PBXTargetDependency;
			target = 71A787572C078E3E0090E59D /* Cocktails */;
			targetProxy = 71A787732C078E3F0090E59D /* PBXContainerItemProxy */;
		};
/* End PBXTargetDependency section */

/* Begin XCBuildConfiguration section */
		71A7877A2C078E3F0090E59D /* Debug */ = {
			isa = XCBuildConfiguration;
			buildSettings = {
				ALWAYS_SEARCH_USER_PATHS = NO;
				ASSETCATALOG_COMPILER_GENERATE_SWIFT_ASSET_SYMBOL_EXTENSIONS = YES;
				CLANG_ANALYZER_NONNULL = YES;
				CLANG_ANALYZER_NUMBER_OBJECT_CONVERSION = YES_AGGRESSIVE;
				CLANG_CXX_LANGUAGE_STANDARD = "gnu++20";
				CLANG_ENABLE_MODULES = YES;
				CLANG_ENABLE_OBJC_ARC = YES;
				CLANG_ENABLE_OBJC_WEAK = YES;
				CLANG_WARN_BLOCK_CAPTURE_AUTORELEASING = YES;
				CLANG_WARN_BOOL_CONVERSION = YES;
				CLANG_WARN_COMMA = YES;
				CLANG_WARN_CONSTANT_CONVERSION = YES;
				CLANG_WARN_DEPRECATED_OBJC_IMPLEMENTATIONS = YES;
				CLANG_WARN_DIRECT_OBJC_ISA_USAGE = YES_ERROR;
				CLANG_WARN_DOCUMENTATION_COMMENTS = YES;
				CLANG_WARN_EMPTY_BODY = YES;
				CLANG_WARN_ENUM_CONVERSION = YES;
				CLANG_WARN_INFINITE_RECURSION = YES;
				CLANG_WARN_INT_CONVERSION = YES;
				CLANG_WARN_NON_LITERAL_NULL_CONVERSION = YES;
				CLANG_WARN_OBJC_IMPLICIT_RETAIN_SELF = YES;
				CLANG_WARN_OBJC_LITERAL_CONVERSION = YES;
				CLANG_WARN_OBJC_ROOT_CLASS = YES_ERROR;
				CLANG_WARN_QUOTED_INCLUDE_IN_FRAMEWORK_HEADER = YES;
				CLANG_WARN_RANGE_LOOP_ANALYSIS = YES;
				CLANG_WARN_STRICT_PROTOTYPES = YES;
				CLANG_WARN_SUSPICIOUS_MOVE = YES;
				CLANG_WARN_UNGUARDED_AVAILABILITY = YES_AGGRESSIVE;
				CLANG_WARN_UNREACHABLE_CODE = YES;
				CLANG_WARN__DUPLICATE_METHOD_MATCH = YES;
				COPY_PHASE_STRIP = NO;
				DEBUG_INFORMATION_FORMAT = dwarf;
				ENABLE_STRICT_OBJC_MSGSEND = YES;
				ENABLE_TESTABILITY = YES;
				ENABLE_USER_SCRIPT_SANDBOXING = YES;
				GCC_C_LANGUAGE_STANDARD = gnu17;
				GCC_DYNAMIC_NO_PIC = NO;
				GCC_NO_COMMON_BLOCKS = YES;
				GCC_OPTIMIZATION_LEVEL = 0;
				GCC_PREPROCESSOR_DEFINITIONS = (
					"DEBUG=1",
					"$(inherited)",
				);
				GCC_WARN_64_TO_32_BIT_CONVERSION = YES;
				GCC_WARN_ABOUT_RETURN_TYPE = YES_ERROR;
				GCC_WARN_UNDECLARED_SELECTOR = YES;
				GCC_WARN_UNINITIALIZED_AUTOS = YES_AGGRESSIVE;
				GCC_WARN_UNUSED_FUNCTION = YES;
				GCC_WARN_UNUSED_VARIABLE = YES;
				IPHONEOS_DEPLOYMENT_TARGET = 17.4;
				LOCALIZATION_PREFERS_STRING_CATALOGS = YES;
				MTL_ENABLE_DEBUG_INFO = INCLUDE_SOURCE;
				MTL_FAST_MATH = YES;
				ONLY_ACTIVE_ARCH = YES;
				SDKROOT = iphoneos;
				SWIFT_ACTIVE_COMPILATION_CONDITIONS = "DEBUG $(inherited)";
				SWIFT_OPTIMIZATION_LEVEL = "-Onone";
			};
			name = Debug;
		};
		71A7877B2C078E3F0090E59D /* Release */ = {
			isa = XCBuildConfiguration;
			buildSettings = {
				ALWAYS_SEARCH_USER_PATHS = NO;
				ASSETCATALOG_COMPILER_GENERATE_SWIFT_ASSET_SYMBOL_EXTENSIONS = YES;
				CLANG_ANALYZER_NONNULL = YES;
				CLANG_ANALYZER_NUMBER_OBJECT_CONVERSION = YES_AGGRESSIVE;
				CLANG_CXX_LANGUAGE_STANDARD = "gnu++20";
				CLANG_ENABLE_MODULES = YES;
				CLANG_ENABLE_OBJC_ARC = YES;
				CLANG_ENABLE_OBJC_WEAK = YES;
				CLANG_WARN_BLOCK_CAPTURE_AUTORELEASING = YES;
				CLANG_WARN_BOOL_CONVERSION = YES;
				CLANG_WARN_COMMA = YES;
				CLANG_WARN_CONSTANT_CONVERSION = YES;
				CLANG_WARN_DEPRECATED_OBJC_IMPLEMENTATIONS = YES;
				CLANG_WARN_DIRECT_OBJC_ISA_USAGE = YES_ERROR;
				CLANG_WARN_DOCUMENTATION_COMMENTS = YES;
				CLANG_WARN_EMPTY_BODY = YES;
				CLANG_WARN_ENUM_CONVERSION = YES;
				CLANG_WARN_INFINITE_RECURSION = YES;
				CLANG_WARN_INT_CONVERSION = YES;
				CLANG_WARN_NON_LITERAL_NULL_CONVERSION = YES;
				CLANG_WARN_OBJC_IMPLICIT_RETAIN_SELF = YES;
				CLANG_WARN_OBJC_LITERAL_CONVERSION = YES;
				CLANG_WARN_OBJC_ROOT_CLASS = YES_ERROR;
				CLANG_WARN_QUOTED_INCLUDE_IN_FRAMEWORK_HEADER = YES;
				CLANG_WARN_RANGE_LOOP_ANALYSIS = YES;
				CLANG_WARN_STRICT_PROTOTYPES = YES;
				CLANG_WARN_SUSPICIOUS_MOVE = YES;
				CLANG_WARN_UNGUARDED_AVAILABILITY = YES_AGGRESSIVE;
				CLANG_WARN_UNREACHABLE_CODE = YES;
				CLANG_WARN__DUPLICATE_METHOD_MATCH = YES;
				COPY_PHASE_STRIP = NO;
				DEBUG_INFORMATION_FORMAT = "dwarf-with-dsym";
				ENABLE_NS_ASSERTIONS = NO;
				ENABLE_STRICT_OBJC_MSGSEND = YES;
				ENABLE_USER_SCRIPT_SANDBOXING = YES;
				GCC_C_LANGUAGE_STANDARD = gnu17;
				GCC_NO_COMMON_BLOCKS = YES;
				GCC_WARN_64_TO_32_BIT_CONVERSION = YES;
				GCC_WARN_ABOUT_RETURN_TYPE = YES_ERROR;
				GCC_WARN_UNDECLARED_SELECTOR = YES;
				GCC_WARN_UNINITIALIZED_AUTOS = YES_AGGRESSIVE;
				GCC_WARN_UNUSED_FUNCTION = YES;
				GCC_WARN_UNUSED_VARIABLE = YES;
				IPHONEOS_DEPLOYMENT_TARGET = 17.4;
				LOCALIZATION_PREFERS_STRING_CATALOGS = YES;
				MTL_ENABLE_DEBUG_INFO = NO;
				MTL_FAST_MATH = YES;
				SDKROOT = iphoneos;
				SWIFT_COMPILATION_MODE = wholemodule;
				VALIDATE_PRODUCT = YES;
			};
			name = Release;
		};
		71A7877D2C078E3F0090E59D /* Debug */ = {
			isa = XCBuildConfiguration;
			buildSettings = {
				ASSETCATALOG_COMPILER_APPICON_NAME = AppIcon;
				ASSETCATALOG_COMPILER_GLOBAL_ACCENT_COLOR_NAME = AccentColor;
				CODE_SIGN_STYLE = Automatic;
				CURRENT_PROJECT_VERSION = 1;
				DEVELOPMENT_ASSET_PATHS = "\"Cocktails/Preview Content\"";
				DEVELOPMENT_TEAM = KHWGR9MFHS;
				ENABLE_PREVIEWS = YES;
				GENERATE_INFOPLIST_FILE = YES;
				INFOPLIST_KEY_UIApplicationSceneManifest_Generation = YES;
				INFOPLIST_KEY_UIApplicationSupportsIndirectInputEvents = YES;
				INFOPLIST_KEY_UILaunchScreen_Generation = YES;
				INFOPLIST_KEY_UISupportedInterfaceOrientations_iPad = "UIInterfaceOrientationPortrait UIInterfaceOrientationPortraitUpsideDown UIInterfaceOrientationLandscapeLeft UIInterfaceOrientationLandscapeRight";
				INFOPLIST_KEY_UISupportedInterfaceOrientations_iPhone = "UIInterfaceOrientationPortrait UIInterfaceOrientationLandscapeLeft UIInterfaceOrientationLandscapeRight";
				LD_RUNPATH_SEARCH_PATHS = (
					"$(inherited)",
					"@executable_path/Frameworks",
				);
				MARKETING_VERSION = 1.0;
				PRODUCT_BUNDLE_IDENTIFIER = com.KristinaMatijasic.Cocktails;
				PRODUCT_NAME = "$(TARGET_NAME)";
				SWIFT_EMIT_LOC_STRINGS = YES;
				SWIFT_VERSION = 5.0;
				TARGETED_DEVICE_FAMILY = "1,2";
			};
			name = Debug;
		};
		71A7877E2C078E3F0090E59D /* Release */ = {
			isa = XCBuildConfiguration;
			buildSettings = {
				ASSETCATALOG_COMPILER_APPICON_NAME = AppIcon;
				ASSETCATALOG_COMPILER_GLOBAL_ACCENT_COLOR_NAME = AccentColor;
				CODE_SIGN_STYLE = Automatic;
				CURRENT_PROJECT_VERSION = 1;
				DEVELOPMENT_ASSET_PATHS = "\"Cocktails/Preview Content\"";
				DEVELOPMENT_TEAM = KHWGR9MFHS;
				ENABLE_PREVIEWS = YES;
				GENERATE_INFOPLIST_FILE = YES;
				INFOPLIST_KEY_UIApplicationSceneManifest_Generation = YES;
				INFOPLIST_KEY_UIApplicationSupportsIndirectInputEvents = YES;
				INFOPLIST_KEY_UILaunchScreen_Generation = YES;
				INFOPLIST_KEY_UISupportedInterfaceOrientations_iPad = "UIInterfaceOrientationPortrait UIInterfaceOrientationPortraitUpsideDown UIInterfaceOrientationLandscapeLeft UIInterfaceOrientationLandscapeRight";
				INFOPLIST_KEY_UISupportedInterfaceOrientations_iPhone = "UIInterfaceOrientationPortrait UIInterfaceOrientationLandscapeLeft UIInterfaceOrientationLandscapeRight";
				LD_RUNPATH_SEARCH_PATHS = (
					"$(inherited)",
					"@executable_path/Frameworks",
				);
				MARKETING_VERSION = 1.0;
				PRODUCT_BUNDLE_IDENTIFIER = com.KristinaMatijasic.Cocktails;
				PRODUCT_NAME = "$(TARGET_NAME)";
				SWIFT_EMIT_LOC_STRINGS = YES;
				SWIFT_VERSION = 5.0;
				TARGETED_DEVICE_FAMILY = "1,2";
			};
			name = Release;
		};
		71A787802C078E3F0090E59D /* Debug */ = {
			isa = XCBuildConfiguration;
			buildSettings = {
				ALWAYS_EMBED_SWIFT_STANDARD_LIBRARIES = YES;
				BUNDLE_LOADER = "$(TEST_HOST)";
				CODE_SIGN_STYLE = Automatic;
				CURRENT_PROJECT_VERSION = 1;
				DEVELOPMENT_TEAM = KHWGR9MFHS;
				GENERATE_INFOPLIST_FILE = YES;
				IPHONEOS_DEPLOYMENT_TARGET = 17.4;
				MARKETING_VERSION = 1.0;
				PRODUCT_BUNDLE_IDENTIFIER = com.KristinaMatijasic.CocktailsTests;
				PRODUCT_NAME = "$(TARGET_NAME)";
				SWIFT_EMIT_LOC_STRINGS = NO;
				SWIFT_VERSION = 5.0;
				TARGETED_DEVICE_FAMILY = "1,2";
				TEST_HOST = "$(BUILT_PRODUCTS_DIR)/Cocktails.app/$(BUNDLE_EXECUTABLE_FOLDER_PATH)/Cocktails";
			};
			name = Debug;
		};
		71A787812C078E3F0090E59D /* Release */ = {
			isa = XCBuildConfiguration;
			buildSettings = {
				ALWAYS_EMBED_SWIFT_STANDARD_LIBRARIES = YES;
				BUNDLE_LOADER = "$(TEST_HOST)";
				CODE_SIGN_STYLE = Automatic;
				CURRENT_PROJECT_VERSION = 1;
				DEVELOPMENT_TEAM = KHWGR9MFHS;
				GENERATE_INFOPLIST_FILE = YES;
				IPHONEOS_DEPLOYMENT_TARGET = 17.4;
				MARKETING_VERSION = 1.0;
				PRODUCT_BUNDLE_IDENTIFIER = com.KristinaMatijasic.CocktailsTests;
				PRODUCT_NAME = "$(TARGET_NAME)";
				SWIFT_EMIT_LOC_STRINGS = NO;
				SWIFT_VERSION = 5.0;
				TARGETED_DEVICE_FAMILY = "1,2";
				TEST_HOST = "$(BUILT_PRODUCTS_DIR)/Cocktails.app/$(BUNDLE_EXECUTABLE_FOLDER_PATH)/Cocktails";
			};
			name = Release;
		};
		71A787832C078E3F0090E59D /* Debug */ = {
			isa = XCBuildConfiguration;
			buildSettings = {
				ALWAYS_EMBED_SWIFT_STANDARD_LIBRARIES = YES;
				CODE_SIGN_STYLE = Automatic;
				CURRENT_PROJECT_VERSION = 1;
				DEVELOPMENT_TEAM = KHWGR9MFHS;
				GENERATE_INFOPLIST_FILE = YES;
				MARKETING_VERSION = 1.0;
				PRODUCT_BUNDLE_IDENTIFIER = com.KristinaMatijasic.CocktailsUITests;
				PRODUCT_NAME = "$(TARGET_NAME)";
				SWIFT_EMIT_LOC_STRINGS = NO;
				SWIFT_VERSION = 5.0;
				TARGETED_DEVICE_FAMILY = "1,2";
				TEST_TARGET_NAME = Cocktails;
			};
			name = Debug;
		};
		71A787842C078E3F0090E59D /* Release */ = {
			isa = XCBuildConfiguration;
			buildSettings = {
				ALWAYS_EMBED_SWIFT_STANDARD_LIBRARIES = YES;
				CODE_SIGN_STYLE = Automatic;
				CURRENT_PROJECT_VERSION = 1;
				DEVELOPMENT_TEAM = KHWGR9MFHS;
				GENERATE_INFOPLIST_FILE = YES;
				MARKETING_VERSION = 1.0;
				PRODUCT_BUNDLE_IDENTIFIER = com.KristinaMatijasic.CocktailsUITests;
				PRODUCT_NAME = "$(TARGET_NAME)";
				SWIFT_EMIT_LOC_STRINGS = NO;
				SWIFT_VERSION = 5.0;
				TARGETED_DEVICE_FAMILY = "1,2";
				TEST_TARGET_NAME = Cocktails;
			};
			name = Release;
		};
/* End XCBuildConfiguration section */

/* Begin XCConfigurationList section */
		71A787532C078E3E0090E59D /* Build configuration list for PBXProject "Cocktails" */ = {
			isa = XCConfigurationList;
			buildConfigurations = (
				71A7877A2C078E3F0090E59D /* Debug */,
				71A7877B2C078E3F0090E59D /* Release */,
			);
			defaultConfigurationIsVisible = 0;
			defaultConfigurationName = Release;
		};
		71A7877C2C078E3F0090E59D /* Build configuration list for PBXNativeTarget "Cocktails" */ = {
			isa = XCConfigurationList;
			buildConfigurations = (
				71A7877D2C078E3F0090E59D /* Debug */,
				71A7877E2C078E3F0090E59D /* Release */,
			);
			defaultConfigurationIsVisible = 0;
			defaultConfigurationName = Release;
		};
		71A7877F2C078E3F0090E59D /* Build configuration list for PBXNativeTarget "CocktailsTests" */ = {
			isa = XCConfigurationList;
			buildConfigurations = (
				71A787802C078E3F0090E59D /* Debug */,
				71A787812C078E3F0090E59D /* Release */,
			);
			defaultConfigurationIsVisible = 0;
			defaultConfigurationName = Release;
		};
		71A787822C078E3F0090E59D /* Build configuration list for PBXNativeTarget "CocktailsUITests" */ = {
			isa = XCConfigurationList;
			buildConfigurations = (
				71A787832C078E3F0090E59D /* Debug */,
				71A787842C078E3F0090E59D /* Release */,
			);
			defaultConfigurationIsVisible = 0;
			defaultConfigurationName = Release;
		};
/* End XCConfigurationList section */

/* Begin XCRemoteSwiftPackageReference section */
		718146052C07AFE100BBE885 /* XCRemoteSwiftPackageReference "Kingfisher" */ = {
			isa = XCRemoteSwiftPackageReference;
			repositoryURL = "https://github.com/onevcat/Kingfisher.git";
			requirement = {
				kind = upToNextMajorVersion;
				minimumVersion = 7.11.0;
			};
		};
		71A787852C078EBE0090E59D /* XCRemoteSwiftPackageReference "Alamofire" */ = {
			isa = XCRemoteSwiftPackageReference;
			repositoryURL = "https://github.com/Alamofire/Alamofire.git";
			requirement = {
				kind = upToNextMajorVersion;
				minimumVersion = 5.9.1;
			};
		};
		71A787862C078EDD0090E59D /* XCRemoteSwiftPackageReference "RxSwift" */ = {
			isa = XCRemoteSwiftPackageReference;
			repositoryURL = "https://github.com/ReactiveX/RxSwift.git";
			requirement = {
				kind = upToNextMajorVersion;
				minimumVersion = 6.7.1;
			};
		};
/* End XCRemoteSwiftPackageReference section */

/* Begin XCSwiftPackageProductDependency section */
		71A787872C078F1A0090E59D /* Alamofire */ = {
			isa = XCSwiftPackageProductDependency;
			package = 71A787852C078EBE0090E59D /* XCRemoteSwiftPackageReference "Alamofire" */;
			productName = Alamofire;
		};
		71A787892C078F4C0090E59D /* RxCocoa */ = {
			isa = XCSwiftPackageProductDependency;
			package = 71A787862C078EDD0090E59D /* XCRemoteSwiftPackageReference "RxSwift" */;
			productName = RxCocoa;
		};
		71A7878B2C078F4C0090E59D /* RxSwift */ = {
			isa = XCSwiftPackageProductDependency;
			package = 71A787862C078EDD0090E59D /* XCRemoteSwiftPackageReference "RxSwift" */;
			productName = RxSwift;
		};
		71CDFF062C07B0310091FC62 /* Kingfisher */ = {
			isa = XCSwiftPackageProductDependency;
			package = 718146052C07AFE100BBE885 /* XCRemoteSwiftPackageReference "Kingfisher" */;
			productName = Kingfisher;
		};
/* End XCSwiftPackageProductDependency section */
	};
	rootObject = 71A787502C078E3E0090E59D /* Project object */;
}
